{
  "name": "excel2oracle",
  "version": "0.0.1",
  "lockfileVersion": 1,
  "requires": true,
  "dependencies": {
    "oracledb": {
      "version": "file:oracledb",
      "requires": {
        "nan": "2.5.1"
      },
      "dependencies": {
        "nan": {
          "version": "2.5.1",
          "bundled": true
        }
      }
    }
  }
}
